PODS:
  - ACProgressHUD-Swift (1.4)
  - Adyen (5.6.0):
    - Adyen/Actions (= 5.6.0)
    - Adyen/Card (= 5.6.0)
    - Adyen/Components (= 5.6.0)
    - Adyen/Core (= 5.6.0)
    - Adyen/DropIn (= 5.6.0)
    - Adyen/Encryption (= 5.6.0)
    - Adyen/Session (= 5.6.0)
  - Adyen/Actions (5.6.0):
    - Adyen/Core
    - Adyen3DS2 (= 2.3.3)
  - Adyen/Card (5.6.0):
    - Adyen/Core
    - Adyen/Encryption
  - Adyen/Components (5.6.0):
    - Adyen/Core
    - Adyen/Encryption
  - Adyen/Core (5.6.0):
    - AdyenNetworking (= 2.0.0)
  - Adyen/DropIn (5.6.0):
    - Adyen/Actions
    - Adyen/Card
    - Adyen/Components
    - Adyen/Core
    - Adyen/Encryption
  - Adyen/Encryption (5.6.0):
    - Adyen/Core
  - Adyen/Session (5.6.0):
    - Adyen/Actions
    - Adyen/Core
  - Adyen3DS2 (2.3.3)
  - AdyenNetworking (2.0.0)
  - Alamofire (5.4.4)
  - AlamofireNetworkActivityLogger (3.4.0):
    - Alamofire (~> 5.4.0)
  - EasyTipView (2.1.0)
  - Firebase/Analytics (10.16.0):
    - Firebase/Core
  - Firebase/Core (10.16.0):
    - Firebase/CoreOnly
    - FirebaseAnalytics (~> 10.16.0)
  - Firebase/CoreOnly (10.16.0):
    - FirebaseCore (= 10.16.0)
  - Firebase/Crashlytics (10.16.0):
    - Firebase/CoreOnly
    - FirebaseCrashlytics (~> 10.16.0)
  - FirebaseAnalytics (10.16.0):
    - FirebaseAnalytics/AdIdSupport (= 10.16.0)
    - FirebaseCore (~> 10.0)
    - FirebaseInstallations (~> 10.0)
    - GoogleUtilities/AppDelegateSwizzler (~> 7.11)
    - GoogleUtilities/MethodSwizzler (~> 7.11)
    - GoogleUtilities/Network (~> 7.11)
    - "GoogleUtilities/NSData+zlib (~> 7.11)"
    - nanopb (< 2.30910.0, >= 2.30908.0)
  - FirebaseAnalytics/AdIdSupport (10.16.0):
    - FirebaseCore (~> 10.0)
    - FirebaseInstallations (~> 10.0)
    - GoogleAppMeasurement (= 10.16.0)
    - GoogleUtilities/AppDelegateSwizzler (~> 7.11)
    - GoogleUtilities/MethodSwizzler (~> 7.11)
    - GoogleUtilities/Network (~> 7.11)
    - "GoogleUtilities/NSData+zlib (~> 7.11)"
    - nanopb (< 2.30910.0, >= 2.30908.0)
  - FirebaseCore (10.16.0):
    - FirebaseCoreInternal (~> 10.0)
    - GoogleUtilities/Environment (~> 7.8)
    - GoogleUtilities/Logger (~> 7.8)
  - FirebaseCoreExtension (10.16.0):
    - FirebaseCore (~> 10.0)
  - FirebaseCoreInternal (10.16.0):
    - "GoogleUtilities/NSData+zlib (~> 7.8)"
  - FirebaseCrashlytics (10.16.0):
    - FirebaseCore (~> 10.5)
    - FirebaseInstallations (~> 10.0)
    - FirebaseSessions (~> 10.5)
    - GoogleDataTransport (~> 9.2)
    - GoogleUtilities/Environment (~> 7.8)
    - nanopb (< 2.30910.0, >= 2.30908.0)
    - PromisesObjC (~> 2.1)
  - FirebaseInstallations (10.16.0):
    - FirebaseCore (~> 10.0)
    - GoogleUtilities/Environment (~> 7.8)
    - GoogleUtilities/UserDefaults (~> 7.8)
    - PromisesObjC (~> 2.1)
  - FirebaseSessions (10.16.0):
    - FirebaseCore (~> 10.5)
    - FirebaseCoreExtension (~> 10.0)
    - FirebaseInstallations (~> 10.0)
    - GoogleDataTransport (~> 9.2)
    - GoogleUtilities/Environment (~> 7.10)
    - nanopb (< 2.30910.0, >= 2.30908.0)
    - PromisesSwift (~> 2.1)
  - GoogleAppMeasurement (10.16.0):
    - GoogleAppMeasurement/AdIdSupport (= 10.16.0)
    - GoogleUtilities/AppDelegateSwizzler (~> 7.11)
    - GoogleUtilities/MethodSwizzler (~> 7.11)
    - GoogleUtilities/Network (~> 7.11)
    - "GoogleUtilities/NSData+zlib (~> 7.11)"
    - nanopb (< 2.30910.0, >= 2.30908.0)
  - GoogleAppMeasurement/AdIdSupport (10.16.0):
    - GoogleAppMeasurement/WithoutAdIdSupport (= 10.16.0)
    - GoogleUtilities/AppDelegateSwizzler (~> 7.11)
    - GoogleUtilities/MethodSwizzler (~> 7.11)
    - GoogleUtilities/Network (~> 7.11)
    - "GoogleUtilities/NSData+zlib (~> 7.11)"
    - nanopb (< 2.30910.0, >= 2.30908.0)
  - GoogleAppMeasurement/WithoutAdIdSupport (10.16.0):
    - GoogleUtilities/AppDelegateSwizzler (~> 7.11)
    - GoogleUtilities/MethodSwizzler (~> 7.11)
    - GoogleUtilities/Network (~> 7.11)
    - "GoogleUtilities/NSData+zlib (~> 7.11)"
    - nanopb (< 2.30910.0, >= 2.30908.0)
  - GoogleDataTransport (9.2.5):
    - GoogleUtilities/Environment (~> 7.7)
    - nanopb (< 2.30910.0, >= 2.30908.0)
    - PromisesObjC (< 3.0, >= 1.2)
  - GooglePlaces (7.4.0)
  - GoogleUtilities/AppDelegateSwizzler (7.11.5):
    - GoogleUtilities/Environment
    - GoogleUtilities/Logger
    - GoogleUtilities/Network
  - GoogleUtilities/Environment (7.11.5):
    - PromisesObjC (< 3.0, >= 1.2)
  - GoogleUtilities/Logger (7.11.5):
    - GoogleUtilities/Environment
  - GoogleUtilities/MethodSwizzler (7.11.5):
    - GoogleUtilities/Logger
  - GoogleUtilities/Network (7.11.5):
    - GoogleUtilities/Logger
    - "GoogleUtilities/NSData+zlib"
    - GoogleUtilities/Reachability
  - "GoogleUtilities/NSData+zlib (7.11.5)"
  - GoogleUtilities/Reachability (7.11.5):
    - GoogleUtilities/Logger
  - GoogleUtilities/UserDefaults (7.11.5):
    - GoogleUtilities/Logger
  - IQKeyboardManagerSwift (6.5.16)
  - KeychainAccess (4.2.2)
  - ListPlaceholder (1.5)
  - LPMessagingSDK (6.15.0.895)
  - nanopb (2.30909.0):
    - nanopb/decode (= 2.30909.0)
    - nanopb/encode (= 2.30909.0)
  - nanopb/decode (2.30909.0)
  - nanopb/encode (2.30909.0)
  - PromisesObjC (2.3.1)
  - PromisesSwift (2.3.1):
    - PromisesObjC (= 2.3.1)
  - SDWebImage (5.18.3):
    - SDWebImage/Core (= 5.18.3)
  - SDWebImage/Core (5.18.3)

DEPENDENCIES:
  - ACProgressHUD-Swift
  - Adyen
  - Alamofire
  - AlamofireNetworkActivityLogger
  - EasyTipView (~> 2.1.0)
  - Firebase/Analytics
  - Firebase/Crashlytics
  - GooglePlaces
  - IQKeyboardManagerSwift (~> 6.5)
  - KeychainAccess
  - ListPlaceholder
  - LPMessagingSDK
  - SDWebImage (~> 5.0)

SPEC REPOS:
  https://github.com/CocoaPods/Specs.git:
    - ACProgressHUD-Swift
    - Adyen
    - Adyen3DS2
    - AdyenNetworking
    - Alamofire
    - AlamofireNetworkActivityLogger
    - EasyTipView
    - Firebase
    - FirebaseAnalytics
    - FirebaseCore
    - FirebaseCoreExtension
    - FirebaseCoreInternal
    - FirebaseCrashlytics
    - FirebaseInstallations
    - FirebaseSessions
    - GoogleAppMeasurement
    - GoogleDataTransport
    - GooglePlaces
    - GoogleUtilities
    - IQKeyboardManagerSwift
    - KeychainAccess
    - ListPlaceholder
    - nanopb
    - PromisesObjC
    - PromisesSwift
    - SDWebImage
  https://github.com/LivePersonInc/iOSPodSpecs.git:
    - LPMessagingSDK

SPEC CHECKSUMS:
  ACProgressHUD-Swift: 52a40fe3377959cfe84316dc0cf523c5d790bbe8
  Adyen: c751caa42a20f8c9c2d5a3dc29e09a35e8c8a751
  Adyen3DS2: 868f5fe2dc7dba62c97be5821b95d2838e6540d8
  AdyenNetworking: 49e447632b542e08c6dd06bb47ea1077a8adecb7
  Alamofire: f3b09a368f1582ab751b3fff5460276e0d2cf5c9
  AlamofireNetworkActivityLogger: 162ab8aee00e6267a4304d7cc134e13ccfe3bcc5
  EasyTipView: a92b6edc377b81c5ac18e9fd35d5ee78e9409488
  Firebase: 25899099b77d255a636e3579c3d9dce10ec150d5
  FirebaseAnalytics: 7b41efc4eba5ff841cc94d5994b5f339361258f4
  FirebaseCore: 65a801af84cca84361ef9eac3fd868656968a53b
  FirebaseCoreExtension: 2dbc745b337eb99d2026a7a309ae037bd873f45e
  FirebaseCoreInternal: 26233f705cc4531236818a07ac84d20c333e505a
  FirebaseCrashlytics: d7fe23c5796f21104c753446b7a51d1737a88fb9
  FirebaseInstallations: b822f91a61f7d1ba763e5ccc9d4f2e6f2ed3b3ee
  FirebaseSessions: 96e7781e545929cde06dd91088ddbb0841391b43
  GoogleAppMeasurement: 079d7632810e9d9704a99932547ba1554acc4342
  GoogleDataTransport: 54dee9d48d14580407f8f5fbf2f496e92437a2f2
  GooglePlaces: 544e908d94860bf6f8fc1865b80d2c7eb6b5f937
  GoogleUtilities: 13e2c67ede716b8741c7989e26893d151b2b2084
  IQKeyboardManagerSwift: 12d89768845bb77b55cc092ecc2b1f9370f06b76
  KeychainAccess: c0c4f7f38f6fc7bbe58f5702e25f7bd2f65abf51
  ListPlaceholder: 2d7950014852ee5613d636cf14fd1bb93419e330
  LPMessagingSDK: 7bc71a94bd400d3cad3142149152eb0c704d2136
  nanopb: b552cce312b6c8484180ef47159bc0f65a1f0431
  PromisesObjC: c50d2056b5253dadbd6c2bea79b0674bd5a52fa4
  PromisesSwift: 28dca69a9c40779916ac2d6985a0192a5cb4a265
  SDWebImage: 96e0c18ef14010b7485210e92fac888587ebb958

PODFILE CHECKSUM: 580d40089ca740961e0d50b08ef373435dc5261a

COCOAPODS: 1.15.2
